
Microsoft Visual Studio Solution File, Format Version 12.00
# Visual Studio 2012
# SharpDevelop 5.1
VisualStudioVersion = 12.0.20827.3
MinimumVisualStudioVersion = 10.0.40219.1
Project("{FAE04EC0-301F-11D3-BF4B-00C04F79EFBC}") = "Share", "Share\Share.csproj", "{474E3CD0-DF3B-4E4F-A40D-FFD507855AAC}"
EndProject
Project("{FAE04EC0-301F-11D3-BF4B-00C04F79EFBC}") = "Server", "Server\Server.csproj", "{004EA4F0-4E07-4D63-9F7E-6BD0BBDCED5D}"
EndProject
Global
	GlobalSection(SolutionConfigurationPlatforms) = preSolution
		Debug|Any CPU = Debug|Any CPU
		Release|Any CPU = Release|Any CPU
	EndGlobalSection
	GlobalSection(ProjectConfigurationPlatforms) = postSolution
		{474E3CD0-DF3B-4E4F-A40D-FFD507855AAC}.Debug|Any CPU.ActiveCfg = Debug|Any CPU
		{474E3CD0-DF3B-4E4F-A40D-FFD507855AAC}.Debug|Any CPU.Build.0 = Debug|Any CPU
		{474E3CD0-DF3B-4E4F-A40D-FFD507855AAC}.Release|Any CPU.ActiveCfg = Release|Any CPU
		{474E3CD0-DF3B-4E4F-A40D-FFD507855AAC}.Release|Any CPU.Build.0 = Release|Any CPU
		{004EA4F0-4E07-4D63-9F7E-6BD0BBDCED5D}.Debug|Any CPU.ActiveCfg = Debug|Any CPU
		{004EA4F0-4E07-4D63-9F7E-6BD0BBDCED5D}.Debug|Any CPU.Build.0 = Debug|Any CPU
		{004EA4F0-4E07-4D63-9F7E-6BD0BBDCED5D}.Release|Any CPU.ActiveCfg = Release|Any CPU
		{004EA4F0-4E07-4D63-9F7E-6BD0BBDCED5D}.Release|Any CPU.Build.0 = Release|Any CPU
	EndGlobalSection
EndGlobal
